
Microsoft Visual Studio Solution File, Format Version 12.00
Project("{FAE04EC0-301F-11D3-BF4B-00C04F79EFBC}") = "Lab1_01", "Lab1_01\Lab1_01.csproj", "{9D8D6A14-1CDD-4A51-BD35-7394917AF2B5}"
EndProject
Project("{FAE04EC0-301F-11D3-BF4B-00C04F79EFBC}") = "Lab1_02", "Lab1_02\Lab1_02.csproj", "{882893B8-2B72-4A8A-AC5B-9AC7AA93A78A}"
EndProject
Project("{FAE04EC0-301F-11D3-BF4B-00C04F79EFBC}") = "Lab1_03", "Lab1_03\Lab1_03.csproj", "{EE627187-5EDB-4A7B-8AB2-73450C8D2D23}"
EndProject
Project("{FAE04EC0-301F-11D3-BF4B-00C04F79EFBC}") = "Lab1_03.2", "Lab1_03.2\Lab1_03.2.csproj", "{02467919-68C5-4E7A-A77C-FD6AA76DA8A4}"
EndProject
Project("{FAE04EC0-301F-11D3-BF4B-00C04F79EFBC}") = "Lab1_04", "Lab1_04\Lab1_04.csproj", "{8EC74FBB-8E0D-4E04-8456-0E0F77F68DB0}"
EndProject
Project("{FAE04EC0-301F-11D3-BF4B-00C04F79EFBC}") = "Lab1_05", "Lab1_05\Lab1_05.csproj", "{EB28AC33-80EA-4912-AC69-56687EFBDAA2}"
EndProject
Project("{FAE04EC0-301F-11D3-BF4B-00C04F79EFBC}") = "Lab1_06", "Lab1_06\Lab1_06.csproj", "{08054EAA-093D-48F4-9A37-4033CD522F7F}"
EndProject
Project("{FAE04EC0-301F-11D3-BF4B-00C04F79EFBC}") = "Lab1_07", "Lab1_07\Lab1_07.csproj", "{D5581FFD-C6DF-4AF8-89DF-937A0F2233F8}"
EndProject
Project("{FAE04EC0-301F-11D3-BF4B-00C04F79EFBC}") = "Lab1_ex1", "Lab1_ex1\Lab1_ex1.csproj", "{C881D912-3B50-4455-BCC9-2A1B0EEE60C4}"
EndProject
Project("{FAE04EC0-301F-11D3-BF4B-00C04F79EFBC}") = "Lab1_ex2", "Lab1_ex2\Lab1_ex2.csproj", "{E2963378-80C4-42F1-A9A4-AD99940D2381}"
EndProject
Project("{FAE04EC0-301F-11D3-BF4B-00C04F79EFBC}") = "Lab1_ex3", "Lab1_ex3\Lab1_ex3.csproj", "{F9635026-72D6-4D75-8202-6C727967EFDE}"
EndProject
Project("{FAE04EC0-301F-11D3-BF4B-00C04F79EFBC}") = "Lab1_ex4", "Lab1_ex4\Lab1_ex4.csproj", "{627951ED-DF0D-4BDA-A3C9-F500EB256E20}"
EndProject
Project("{FAE04EC0-301F-11D3-BF4B-00C04F79EFBC}") = "Lab1_ex5", "Lab1_ex5\Lab1_ex5.csproj", "{67A0B1AA-8676-4896-B668-9CF6B143F848}"
EndProject
Project("{FAE04EC0-301F-11D3-BF4B-00C04F79EFBC}") = "Lab2_01", "Lab2_01\Lab2_01.csproj", "{3AF2D31F-27E5-4F61-8ABD-9AD1D2A615C7}"
EndProject
Project("{FAE04EC0-301F-11D3-BF4B-00C04F79EFBC}") = "Lab2_02", "Lab2_02\Lab2_02.csproj", "{C703B5F8-41F1-46AA-9D4E-1EBBFE131D7B}"
EndProject
Project("{FAE04EC0-301F-11D3-BF4B-00C04F79EFBC}") = "Lab2_03", "Lab2_03\Lab2_03.csproj", "{C80DE52C-F56B-4000-B5CD-F8F7E96F712C}"
EndProject
Project("{FAE04EC0-301F-11D3-BF4B-00C04F79EFBC}") = "Lab2_ex1", "Lab2_ex1\Lab2_ex1.csproj", "{A0FF90A1-E01F-4AA7-9316-7E70DC0C8B88}"
EndProject
Project("{FAE04EC0-301F-11D3-BF4B-00C04F79EFBC}") = "Lab3_01", "Lab3_01\Lab3_01.csproj", "{E30F1451-0DB7-43B0-BE9E-E5AC2F62FC59}"
EndProject
Project("{FAE04EC0-301F-11D3-BF4B-00C04F79EFBC}") = "Lab3_02", "Lab3_02\Lab3_02.csproj", "{1F977D91-C91F-40AE-9F63-A68A9ADCE9CD}"
EndProject
Project("{FAE04EC0-301F-11D3-BF4B-00C04F79EFBC}") = "Lab3_ex1", "Lab3_ex1\Lab3_ex1.csproj", "{B05F7829-8AD0-4E8D-B4D2-5E57E92719C1}"
EndProject
Project("{FAE04EC0-301F-11D3-BF4B-00C04F79EFBC}") = "Lab3_ex2", "Lab3_ex2\Lab3_ex2.csproj", "{2C64CD4B-1CF4-40D0-A8C3-51840CE5BCE3}"
EndProject
Project("{FAE04EC0-301F-11D3-BF4B-00C04F79EFBC}") = "Lab4_01", "Lab4_01\Lab4_01.csproj", "{25E8A79B-A7D7-4E12-B09D-31E53DC67475}"
EndProject
Project("{FAE04EC0-301F-11D3-BF4B-00C04F79EFBC}") = "Lab4_02", "Lab4_02\Lab4_02.csproj", "{7AF7EE0F-88AE-475A-8B1F-938A308C25A0}"
EndProject
Project("{FAE04EC0-301F-11D3-BF4B-00C04F79EFBC}") = "Lab4_ex1", "Lab4_ex1\Lab4_ex1.csproj", "{9D20EE13-DD1C-4544-BCD6-D3705E74721A}"
EndProject
Project("{FAE04EC0-301F-11D3-BF4B-00C04F79EFBC}") = "Lab5_01", "Lab5_01\Lab5_01.csproj", "{A228C451-C55E-469A-9936-D3A51E2B41BE}"
EndProject
Project("{FAE04EC0-301F-11D3-BF4B-00C04F79EFBC}") = "Lab5_02", "Lab5_02\Lab5_02.csproj", "{A2AE944A-5AA3-4D19-84EC-5EDF70948EE1}"
EndProject
Project("{FAE04EC0-301F-11D3-BF4B-00C04F79EFBC}") = "Lab5_03", "Lab5_03\Lab5_03.csproj", "{96B49596-2550-4675-9C85-9EF1E26F67E5}"
EndProject
Project("{FAE04EC0-301F-11D3-BF4B-00C04F79EFBC}") = "Lab5_04", "Lab5_04\Lab5_04.csproj", "{20277DBD-7437-43AB-A3FE-C26E7EB2BACF}"
EndProject
Project("{FAE04EC0-301F-11D3-BF4B-00C04F79EFBC}") = "Lab5_05", "Lab5_05\Lab5_05.csproj", "{4016E70F-D65B-4124-A685-A36E4F687939}"
EndProject
Project("{FAE04EC0-301F-11D3-BF4B-00C04F79EFBC}") = "Lab5_ex2", "Lab5_ex2\Lab5_ex2.csproj", "{61A5EF9B-4571-42EA-8AAF-DBD6FFE044FD}"
EndProject
Global
	GlobalSection(SolutionConfigurationPlatforms) = preSolution
		Debug|Any CPU = Debug|Any CPU
		Release|Any CPU = Release|Any CPU
	EndGlobalSection
	GlobalSection(ProjectConfigurationPlatforms) = postSolution
		{9D8D6A14-1CDD-4A51-BD35-7394917AF2B5}.Debug|Any CPU.ActiveCfg = Debug|Any CPU
		{9D8D6A14-1CDD-4A51-BD35-7394917AF2B5}.Debug|Any CPU.Build.0 = Debug|Any CPU
		{9D8D6A14-1CDD-4A51-BD35-7394917AF2B5}.Release|Any CPU.ActiveCfg = Release|Any CPU
		{9D8D6A14-1CDD-4A51-BD35-7394917AF2B5}.Release|Any CPU.Build.0 = Release|Any CPU
		{882893B8-2B72-4A8A-AC5B-9AC7AA93A78A}.Debug|Any CPU.ActiveCfg = Debug|Any CPU
		{882893B8-2B72-4A8A-AC5B-9AC7AA93A78A}.Debug|Any CPU.Build.0 = Debug|Any CPU
		{882893B8-2B72-4A8A-AC5B-9AC7AA93A78A}.Release|Any CPU.ActiveCfg = Release|Any CPU
		{882893B8-2B72-4A8A-AC5B-9AC7AA93A78A}.Release|Any CPU.Build.0 = Release|Any CPU
		{EE627187-5EDB-4A7B-8AB2-73450C8D2D23}.Debug|Any CPU.ActiveCfg = Debug|Any CPU
		{EE627187-5EDB-4A7B-8AB2-73450C8D2D23}.Debug|Any CPU.Build.0 = Debug|Any CPU
		{EE627187-5EDB-4A7B-8AB2-73450C8D2D23}.Release|Any CPU.ActiveCfg = Release|Any CPU
		{EE627187-5EDB-4A7B-8AB2-73450C8D2D23}.Release|Any CPU.Build.0 = Release|Any CPU
		{02467919-68C5-4E7A-A77C-FD6AA76DA8A4}.Debug|Any CPU.ActiveCfg = Debug|Any CPU
		{02467919-68C5-4E7A-A77C-FD6AA76DA8A4}.Debug|Any CPU.Build.0 = Debug|Any CPU
		{02467919-68C5-4E7A-A77C-FD6AA76DA8A4}.Release|Any CPU.ActiveCfg = Release|Any CPU
		{02467919-68C5-4E7A-A77C-FD6AA76DA8A4}.Release|Any CPU.Build.0 = Release|Any CPU
		{8EC74FBB-8E0D-4E04-8456-0E0F77F68DB0}.Debug|Any CPU.ActiveCfg = Debug|Any CPU
		{8EC74FBB-8E0D-4E04-8456-0E0F77F68DB0}.Debug|Any CPU.Build.0 = Debug|Any CPU
		{8EC74FBB-8E0D-4E04-8456-0E0F77F68DB0}.Release|Any CPU.ActiveCfg = Release|Any CPU
		{8EC74FBB-8E0D-4E04-8456-0E0F77F68DB0}.Release|Any CPU.Build.0 = Release|Any CPU
		{EB28AC33-80EA-4912-AC69-56687EFBDAA2}.Debug|Any CPU.ActiveCfg = Debug|Any CPU
		{EB28AC33-80EA-4912-AC69-56687EFBDAA2}.Debug|Any CPU.Build.0 = Debug|Any CPU
		{EB28AC33-80EA-4912-AC69-56687EFBDAA2}.Release|Any CPU.ActiveCfg = Release|Any CPU
		{EB28AC33-80EA-4912-AC69-56687EFBDAA2}.Release|Any CPU.Build.0 = Release|Any CPU
		{08054EAA-093D-48F4-9A37-4033CD522F7F}.Debug|Any CPU.ActiveCfg = Debug|Any CPU
		{08054EAA-093D-48F4-9A37-4033CD522F7F}.Debug|Any CPU.Build.0 = Debug|Any CPU
		{08054EAA-093D-48F4-9A37-4033CD522F7F}.Release|Any CPU.ActiveCfg = Release|Any CPU
		{08054EAA-093D-48F4-9A37-4033CD522F7F}.Release|Any CPU.Build.0 = Release|Any CPU
		{D5581FFD-C6DF-4AF8-89DF-937A0F2233F8}.Debug|Any CPU.ActiveCfg = Debug|Any CPU
		{D5581FFD-C6DF-4AF8-89DF-937A0F2233F8}.Debug|Any CPU.Build.0 = Debug|Any CPU
		{D5581FFD-C6DF-4AF8-89DF-937A0F2233F8}.Release|Any CPU.ActiveCfg = Release|Any CPU
		{D5581FFD-C6DF-4AF8-89DF-937A0F2233F8}.Release|Any CPU.Build.0 = Release|Any CPU
		{C881D912-3B50-4455-BCC9-2A1B0EEE60C4}.Debug|Any CPU.ActiveCfg = Debug|Any CPU
		{C881D912-3B50-4455-BCC9-2A1B0EEE60C4}.Debug|Any CPU.Build.0 = Debug|Any CPU
		{C881D912-3B50-4455-BCC9-2A1B0EEE60C4}.Release|Any CPU.ActiveCfg = Release|Any CPU
		{C881D912-3B50-4455-BCC9-2A1B0EEE60C4}.Release|Any CPU.Build.0 = Release|Any CPU
		{E2963378-80C4-42F1-A9A4-AD99940D2381}.Debug|Any CPU.ActiveCfg = Debug|Any CPU
		{E2963378-80C4-42F1-A9A4-AD99940D2381}.Debug|Any CPU.Build.0 = Debug|Any CPU
		{E2963378-80C4-42F1-A9A4-AD99940D2381}.Release|Any CPU.ActiveCfg = Release|Any CPU
		{E2963378-80C4-42F1-A9A4-AD99940D2381}.Release|Any CPU.Build.0 = Release|Any CPU
		{F9635026-72D6-4D75-8202-6C727967EFDE}.Debug|Any CPU.ActiveCfg = Debug|Any CPU
		{F9635026-72D6-4D75-8202-6C727967EFDE}.Debug|Any CPU.Build.0 = Debug|Any CPU
		{F9635026-72D6-4D75-8202-6C727967EFDE}.Release|Any CPU.ActiveCfg = Release|Any CPU
		{F9635026-72D6-4D75-8202-6C727967EFDE}.Release|Any CPU.Build.0 = Release|Any CPU
		{627951ED-DF0D-4BDA-A3C9-F500EB256E20}.Debug|Any CPU.ActiveCfg = Debug|Any CPU
		{627951ED-DF0D-4BDA-A3C9-F500EB256E20}.Debug|Any CPU.Build.0 = Debug|Any CPU
		{627951ED-DF0D-4BDA-A3C9-F500EB256E20}.Release|Any CPU.ActiveCfg = Release|Any CPU
		{627951ED-DF0D-4BDA-A3C9-F500EB256E20}.Release|Any CPU.Build.0 = Release|Any CPU
		{67A0B1AA-8676-4896-B668-9CF6B143F848}.Debug|Any CPU.ActiveCfg = Debug|Any CPU
		{67A0B1AA-8676-4896-B668-9CF6B143F848}.Debug|Any CPU.Build.0 = Debug|Any CPU
		{67A0B1AA-8676-4896-B668-9CF6B143F848}.Release|Any CPU.ActiveCfg = Release|Any CPU
		{67A0B1AA-8676-4896-B668-9CF6B143F848}.Release|Any CPU.Build.0 = Release|Any CPU
		{3AF2D31F-27E5-4F61-8ABD-9AD1D2A615C7}.Debug|Any CPU.ActiveCfg = Debug|Any CPU
		{3AF2D31F-27E5-4F61-8ABD-9AD1D2A615C7}.Debug|Any CPU.Build.0 = Debug|Any CPU
		{3AF2D31F-27E5-4F61-8ABD-9AD1D2A615C7}.Release|Any CPU.ActiveCfg = Release|Any CPU
		{3AF2D31F-27E5-4F61-8ABD-9AD1D2A615C7}.Release|Any CPU.Build.0 = Release|Any CPU
		{C703B5F8-41F1-46AA-9D4E-1EBBFE131D7B}.Debug|Any CPU.ActiveCfg = Debug|Any CPU
		{C703B5F8-41F1-46AA-9D4E-1EBBFE131D7B}.Debug|Any CPU.Build.0 = Debug|Any CPU
		{C703B5F8-41F1-46AA-9D4E-1EBBFE131D7B}.Release|Any CPU.ActiveCfg = Release|Any CPU
		{C703B5F8-41F1-46AA-9D4E-1EBBFE131D7B}.Release|Any CPU.Build.0 = Release|Any CPU
		{C80DE52C-F56B-4000-B5CD-F8F7E96F712C}.Debug|Any CPU.ActiveCfg = Debug|Any CPU
		{C80DE52C-F56B-4000-B5CD-F8F7E96F712C}.Debug|Any CPU.Build.0 = Debug|Any CPU
		{C80DE52C-F56B-4000-B5CD-F8F7E96F712C}.Release|Any CPU.ActiveCfg = Release|Any CPU
		{C80DE52C-F56B-4000-B5CD-F8F7E96F712C}.Release|Any CPU.Build.0 = Release|Any CPU
		{A0FF90A1-E01F-4AA7-9316-7E70DC0C8B88}.Debug|Any CPU.ActiveCfg = Debug|Any CPU
		{A0FF90A1-E01F-4AA7-9316-7E70DC0C8B88}.Debug|Any CPU.Build.0 = Debug|Any CPU
		{A0FF90A1-E01F-4AA7-9316-7E70DC0C8B88}.Release|Any CPU.ActiveCfg = Release|Any CPU
		{A0FF90A1-E01F-4AA7-9316-7E70DC0C8B88}.Release|Any CPU.Build.0 = Release|Any CPU
		{E30F1451-0DB7-43B0-BE9E-E5AC2F62FC59}.Debug|Any CPU.ActiveCfg = Debug|Any CPU
		{E30F1451-0DB7-43B0-BE9E-E5AC2F62FC59}.Debug|Any CPU.Build.0 = Debug|Any CPU
		{E30F1451-0DB7-43B0-BE9E-E5AC2F62FC59}.Release|Any CPU.ActiveCfg = Release|Any CPU
		{E30F1451-0DB7-43B0-BE9E-E5AC2F62FC59}.Release|Any CPU.Build.0 = Release|Any CPU
		{1F977D91-C91F-40AE-9F63-A68A9ADCE9CD}.Debug|Any CPU.ActiveCfg = Debug|Any CPU
		{1F977D91-C91F-40AE-9F63-A68A9ADCE9CD}.Debug|Any CPU.Build.0 = Debug|Any CPU
		{1F977D91-C91F-40AE-9F63-A68A9ADCE9CD}.Release|Any CPU.ActiveCfg = Release|Any CPU
		{1F977D91-C91F-40AE-9F63-A68A9ADCE9CD}.Release|Any CPU.Build.0 = Release|Any CPU
		{B05F7829-8AD0-4E8D-B4D2-5E57E92719C1}.Debug|Any CPU.ActiveCfg = Debug|Any CPU
		{B05F7829-8AD0-4E8D-B4D2-5E57E92719C1}.Debug|Any CPU.Build.0 = Debug|Any CPU
		{B05F7829-8AD0-4E8D-B4D2-5E57E92719C1}.Release|Any CPU.ActiveCfg = Release|Any CPU
		{B05F7829-8AD0-4E8D-B4D2-5E57E92719C1}.Release|Any CPU.Build.0 = Release|Any CPU
		{2C64CD4B-1CF4-40D0-A8C3-51840CE5BCE3}.Debug|Any CPU.ActiveCfg = Debug|Any CPU
		{2C64CD4B-1CF4-40D0-A8C3-51840CE5BCE3}.Debug|Any CPU.Build.0 = Debug|Any CPU
		{2C64CD4B-1CF4-40D0-A8C3-51840CE5BCE3}.Release|Any CPU.ActiveCfg = Release|Any CPU
		{2C64CD4B-1CF4-40D0-A8C3-51840CE5BCE3}.Release|Any CPU.Build.0 = Release|Any CPU
		{25E8A79B-A7D7-4E12-B09D-31E53DC67475}.Debug|Any CPU.ActiveCfg = Debug|Any CPU
		{25E8A79B-A7D7-4E12-B09D-31E53DC67475}.Debug|Any CPU.Build.0 = Debug|Any CPU
		{25E8A79B-A7D7-4E12-B09D-31E53DC67475}.Release|Any CPU.ActiveCfg = Release|Any CPU
		{25E8A79B-A7D7-4E12-B09D-31E53DC67475}.Release|Any CPU.Build.0 = Release|Any CPU
		{7AF7EE0F-88AE-475A-8B1F-938A308C25A0}.Debug|Any CPU.ActiveCfg = Debug|Any CPU
		{7AF7EE0F-88AE-475A-8B1F-938A308C25A0}.Debug|Any CPU.Build.0 = Debug|Any CPU
		{7AF7EE0F-88AE-475A-8B1F-938A308C25A0}.Release|Any CPU.ActiveCfg = Release|Any CPU
		{7AF7EE0F-88AE-475A-8B1F-938A308C25A0}.Release|Any CPU.Build.0 = Release|Any CPU
		{9D20EE13-DD1C-4544-BCD6-D3705E74721A}.Debug|Any CPU.ActiveCfg = Debug|Any CPU
		{9D20EE13-DD1C-4544-BCD6-D3705E74721A}.Debug|Any CPU.Build.0 = Debug|Any CPU
		{9D20EE13-DD1C-4544-BCD6-D3705E74721A}.Release|Any CPU.ActiveCfg = Release|Any CPU
		{9D20EE13-DD1C-4544-BCD6-D3705E74721A}.Release|Any CPU.Build.0 = Release|Any CPU
		{A228C451-C55E-469A-9936-D3A51E2B41BE}.Debug|Any CPU.ActiveCfg = Debug|Any CPU
		{A228C451-C55E-469A-9936-D3A51E2B41BE}.Debug|Any CPU.Build.0 = Debug|Any CPU
		{A228C451-C55E-469A-9936-D3A51E2B41BE}.Release|Any CPU.ActiveCfg = Release|Any CPU
		{A228C451-C55E-469A-9936-D3A51E2B41BE}.Release|Any CPU.Build.0 = Release|Any CPU
		{A2AE944A-5AA3-4D19-84EC-5EDF70948EE1}.Debug|Any CPU.ActiveCfg = Debug|Any CPU
		{A2AE944A-5AA3-4D19-84EC-5EDF70948EE1}.Debug|Any CPU.Build.0 = Debug|Any CPU
		{A2AE944A-5AA3-4D19-84EC-5EDF70948EE1}.Release|Any CPU.ActiveCfg = Release|Any CPU
		{A2AE944A-5AA3-4D19-84EC-5EDF70948EE1}.Release|Any CPU.Build.0 = Release|Any CPU
		{96B49596-2550-4675-9C85-9EF1E26F67E5}.Debug|Any CPU.ActiveCfg = Debug|Any CPU
		{96B49596-2550-4675-9C85-9EF1E26F67E5}.Debug|Any CPU.Build.0 = Debug|Any CPU
		{96B49596-2550-4675-9C85-9EF1E26F67E5}.Release|Any CPU.ActiveCfg = Release|Any CPU
		{96B49596-2550-4675-9C85-9EF1E26F67E5}.Release|Any CPU.Build.0 = Release|Any CPU
		{20277DBD-7437-43AB-A3FE-C26E7EB2BACF}.Debug|Any CPU.ActiveCfg = Debug|Any CPU
		{20277DBD-7437-43AB-A3FE-C26E7EB2BACF}.Debug|Any CPU.Build.0 = Debug|Any CPU
		{20277DBD-7437-43AB-A3FE-C26E7EB2BACF}.Release|Any CPU.ActiveCfg = Release|Any CPU
		{20277DBD-7437-43AB-A3FE-C26E7EB2BACF}.Release|Any CPU.Build.0 = Release|Any CPU
		{4016E70F-D65B-4124-A685-A36E4F687939}.Debug|Any CPU.ActiveCfg = Debug|Any CPU
		{4016E70F-D65B-4124-A685-A36E4F687939}.Debug|Any CPU.Build.0 = Debug|Any CPU
		{4016E70F-D65B-4124-A685-A36E4F687939}.Release|Any CPU.ActiveCfg = Release|Any CPU
		{4016E70F-D65B-4124-A685-A36E4F687939}.Release|Any CPU.Build.0 = Release|Any CPU
		{61A5EF9B-4571-42EA-8AAF-DBD6FFE044FD}.Debug|Any CPU.ActiveCfg = Debug|Any CPU
		{61A5EF9B-4571-42EA-8AAF-DBD6FFE044FD}.Debug|Any CPU.Build.0 = Debug|Any CPU
		{61A5EF9B-4571-42EA-8AAF-DBD6FFE044FD}.Release|Any CPU.ActiveCfg = Release|Any CPU
		{61A5EF9B-4571-42EA-8AAF-DBD6FFE044FD}.Release|Any CPU.Build.0 = Release|Any CPU
	EndGlobalSection
EndGlobal
